
Microsoft Visual Studio Solution File, Format Version 12.00
# Visual Studio Version 16
VisualStudioVersion = 25.0.1706.8
MinimumVisualStudioVersion = 10.0.40219.1
Project("{FAE04EC0-301F-11D3-BF4B-00C04F79EFBC}") = "JourneyJot", "JourneyJot\JourneyJot.csproj", "{EF183311-9C72-48D5-A648-DB13F797BB75}"
EndProject
Global
	GlobalSection(SolutionConfigurationPlatforms) = preSolution
		Debug|Any CPU = Debug|Any CPU
		Release|Any CPU = Release|Any CPU
	EndGlobalSection
	GlobalSection(ProjectConfigurationPlatforms) = postSolution
		{EF183311-9C72-48D5-A648-DB13F797BB75}.Debug|Any CPU.ActiveCfg = Debug|Any CPU
		{EF183311-9C72-48D5-A648-DB13F797BB75}.Debug|Any CPU.Build.0 = Debug|Any CPU
		{EF183311-9C72-48D5-A648-DB13F797BB75}.Release|Any CPU.ActiveCfg = Release|Any CPU
		{EF183311-9C72-48D5-A648-DB13F797BB75}.Release|Any CPU.Build.0 = Release|Any CPU
	EndGlobalSection
	GlobalSection(SolutionProperties) = preSolution
		HideSolutionNode = FALSE
	EndGlobalSection
	GlobalSection(ExtensibilityGlobals) = postSolution
		SolutionGuid = {15C4084C-C670-45DC-8648-1A78247B8AFD}
	EndGlobalSection
EndGlobal
